
Microsoft Visual Studio Solution File, Format Version 12.00
# Visual Studio Version 16
VisualStudioVersion = 16.0.29209.152
MinimumVisualStudioVersion = 10.0.40219.1
Project("{FAE04EC0-301F-11D3-BF4B-00C04F79EFBC}") = "Web", "Web\Web.csproj", "{6E35CCA1-AF5F-472E-89A2-1D6AE47FCC4D}"
EndProject
Global
	GlobalSection(SolutionConfigurationPlatforms) = preSolution
		Debug|Any CPU = Debug|Any CPU
		Debug|ARM = Debug|ARM
		Debug|iPhone = Debug|iPhone
		Debug|iPhoneSimulator = Debug|iPhoneSimulator
		Debug|x86 = Debug|x86
		Release|Any CPU = Release|Any CPU
		Release|ARM = Release|ARM
		Release|iPhone = Release|iPhone
		Release|iPhoneSimulator = Release|iPhoneSimulator
		Release|x86 = Release|x86
	EndGlobalSection
	GlobalSection(ProjectConfigurationPlatforms) = postSolution
		{6E35CCA1-AF5F-472E-89A2-1D6AE47FCC4D}.Debug|Any CPU.ActiveCfg = Debug|Any CPU
		{6E35CCA1-AF5F-472E-89A2-1D6AE47FCC4D}.Debug|Any CPU.Build.0 = Debug|Any CPU
		{6E35CCA1-AF5F-472E-89A2-1D6AE47FCC4D}.Debug|ARM.ActiveCfg = Debug|Any CPU
		{6E35CCA1-AF5F-472E-89A2-1D6AE47FCC4D}.Debug|ARM.Build.0 = Debug|Any CPU
		{6E35CCA1-AF5F-472E-89A2-1D6AE47FCC4D}.Debug|iPhone.ActiveCfg = Debug|Any CPU
		{6E35CCA1-AF5F-472E-89A2-1D6AE47FCC4D}.Debug|iPhone.Build.0 = Debug|Any CPU
		{6E35CCA1-AF5F-472E-89A2-1D6AE47FCC4D}.Debug|iPhoneSimulator.ActiveCfg = Debug|Any CPU
		{6E35CCA1-AF5F-472E-89A2-1D6AE47FCC4D}.Debug|iPhoneSimulator.Build.0 = Debug|Any CPU
		{6E35CCA1-AF5F-472E-89A2-1D6AE47FCC4D}.Debug|x86.ActiveCfg = Debug|Any CPU
		{6E35CCA1-AF5F-472E-89A2-1D6AE47FCC4D}.Debug|x86.Build.0 = Debug|Any CPU
		{6E35CCA1-AF5F-472E-89A2-1D6AE47FCC4D}.Release|Any CPU.ActiveCfg = Release|Any CPU
		{6E35CCA1-AF5F-472E-89A2-1D6AE47FCC4D}.Release|Any CPU.Build.0 = Release|Any CPU
		{6E35CCA1-AF5F-472E-89A2-1D6AE47FCC4D}.Release|ARM.ActiveCfg = Release|Any CPU
		{6E35CCA1-AF5F-472E-89A2-1D6AE47FCC4D}.Release|ARM.Build.0 = Release|Any CPU
		{6E35CCA1-AF5F-472E-89A2-1D6AE47FCC4D}.Release|iPhone.ActiveCfg = Release|Any CPU
		{6E35CCA1-AF5F-472E-89A2-1D6AE47FCC4D}.Release|iPhone.Build.0 = Release|Any CPU
		{6E35CCA1-AF5F-472E-89A2-1D6AE47FCC4D}.Release|iPhoneSimulator.ActiveCfg = Release|Any CPU
		{6E35CCA1-AF5F-472E-89A2-1D6AE47FCC4D}.Release|iPhoneSimulator.Build.0 = Release|Any CPU
		{6E35CCA1-AF5F-472E-89A2-1D6AE47FCC4D}.Release|x86.ActiveCfg = Release|Any CPU
		{6E35CCA1-AF5F-472E-89A2-1D6AE47FCC4D}.Release|x86.Build.0 = Release|Any CPU
	EndGlobalSection
	GlobalSection(SolutionProperties) = preSolution
		HideSolutionNode = FALSE
	EndGlobalSection
	GlobalSection(ExtensibilityGlobals) = postSolution
		SolutionGuid = {D16C84D6-E389-49ED-8CCE-9FB93DDE2642}
	EndGlobalSection
EndGlobal
